// !$*UTF8*$!
{
	archiveVersion = 1;
	classes = {
	};
	objectVersion = 46;
	objects = {

/* Begin PBXBuildFile section */
		0BA0466F181C79BC004B2827 /* Foundation.framework in Frameworks */ = {isa = PBXBuildFile; fileRef = 0BA0466E181C79BC004B2827 /* Foundation.framework */; };
		0BA04671181C79BC004B2827 /* CoreGraphics.framework in Frameworks */ = {isa = PBXBuildFile; fileRef = 0BA04670181C79BC004B2827 /* CoreGraphics.framework */; };
		0BA04673181C79BC004B2827 /* UIKit.framework in Frameworks */ = {isa = PBXBuildFile; fileRef = 0BA04672181C79BC004B2827 /* UIKit.framework */; };
		0BA04679181C79BC004B2827 /* InfoPlist.strings in Resources */ = {isa = PBXBuildFile; fileRef = 0BA04677181C79BC004B2827 /* InfoPlist.strings */; };
		0BA0467B181C79BC004B2827 /* main.m in Sources */ = {isa = PBXBuildFile; fileRef = 0BA0467A181C79BC004B2827 /* main.m */; };
		0BA0467F181C79BC004B2827 /* LZAppDelegate.m in Sources */ = {isa = PBXBuildFile; fileRef = 0BA0467E181C79BC004B2827 /* LZAppDelegate.m */; };
		0BA04682181C79BC004B2827 /* Main.storyboard in Resources */ = {isa = PBXBuildFile; fileRef = 0BA04680181C79BC004B2827 /* Main.storyboard */; };
		0BA04685181C79BC004B2827 /* LZViewController.m in Sources */ = {isa = PBXBuildFile; fileRef = 0BA04684181C79BC004B2827 /* LZViewController.m */; };
		0BA04687181C79BC004B2827 /* Images.xcassets in Resources */ = {isa = PBXBuildFile; fileRef = 0BA04686181C79BC004B2827 /* Images.xcassets */; };
		0BA0468E181C79BC004B2827 /* XCTest.framework in Frameworks */ = {isa = PBXBuildFile; fileRef = 0BA0468D181C79BC004B2827 /* XCTest.framework */; };
		0BA0468F181C79BC004B2827 /* Foundation.framework in Frameworks */ = {isa = PBXBuildFile; fileRef = 0BA0466E181C79BC004B2827 /* Foundation.framework */; };
		0BA04690181C79BC004B2827 /* UIKit.framework in Frameworks */ = {isa = PBXBuildFile; fileRef = 0BA04672181C79BC004B2827 /* UIKit.framework */; };
		0BA04698181C79BC004B2827 /* InfoPlist.strings in Resources */ = {isa = PBXBuildFile; fileRef = 0BA04696181C79BC004B2827 /* InfoPlist.strings */; };
		0BA0469A181C79BC004B2827 /* BasicCalculatorTests.m in Sources */ = {isa = PBXBuildFile; fileRef = 0BA04699181C79BC004B2827 /* BasicCalculatorTests.m */; };
		0BA046A5181C9FF4004B2827 /* LZSum.m in Sources */ = {isa = PBXBuildFile; fileRef = 0BA046A4181C9FF4004B2827 /* LZSum.m */; };
		0BA046A8181CA018004B2827 /* LZSubtraction.m in Sources */ = {isa = PBXBuildFile; fileRef = 0BA046A7181CA018004B2827 /* LZSubtraction.m */; };
		0BA046AB181CA028004B2827 /* LZMultiplication.m in Sources */ = {isa = PBXBuildFile; fileRef = 0BA046AA181CA028004B2827 /* LZMultiplication.m */; };
		0BA046AE181CA033004B2827 /* LZDivision.m in Sources */ = {isa = PBXBuildFile; fileRef = 0BA046AD181CA033004B2827 /* LZDivision.m */; };
/* End PBXBuildFile section */

/* Begin PBXContainerItemProxy section */
		0BA04691181C79BC004B2827 /* PBXContainerItemProxy */ = {
			isa = PBXContainerItemProxy;
			containerPortal = 0BA04663181C79BC004B2827 /* Project object */;
			proxyType = 1;
			remoteGlobalIDString = 0BA0466A181C79BC004B2827;
			remoteInfo = BasicCalculator;
		};
/* End PBXContainerItemProxy section */

/* Begin PBXFileReference section */
		0BA0466B181C79BC004B2827 /* BasicCalculator.app */ = {isa = PBXFileReference; explicitFileType = wrapper.application; includeInIndex = 0; path = BasicCalculator.app; sourceTree = BUILT_PRODUCTS_DIR; };
		0BA0466E181C79BC004B2827 /* Foundation.framework */ = {isa = PBXFileReference; lastKnownFileType = wrapper.framework; name = Foundation.framework; path = System/Library/Frameworks/Foundation.framework; sourceTree = SDKROOT; };
		0BA04670181C79BC004B2827 /* CoreGraphics.framework */ = {isa = PBXFileReference; lastKnownFileType = wrapper.framework; name = CoreGraphics.framework; path = System/Library/Frameworks/CoreGraphics.framework; sourceTree = SDKROOT; };
		0BA04672181C79BC004B2827 /* UIKit.framework */ = {isa = PBXFileReference; lastKnownFileType = wrapper.framework; name = UIKit.framework; path = System/Library/Frameworks/UIKit.framework; sourceTree = SDKROOT; };
		0BA04676181C79BC004B2827 /* BasicCalculator-Info.plist */ = {isa = PBXFileReference; lastKnownFileType = text.plist.xml; path = "BasicCalculator-Info.plist"; sourceTree = "<group>"; };
		0BA04678181C79BC004B2827 /* en */ = {isa = PBXFileReference; lastKnownFileType = text.plist.strings; name = en; path = en.lproj/InfoPlist.strings; sourceTree = "<group>"; };
		0BA0467A181C79BC004B2827 /* main.m */ = {isa = PBXFileReference; lastKnownFileType = sourcecode.c.objc; path = main.m; sourceTree = "<group>"; };
		0BA0467C181C79BC004B2827 /* BasicCalculator-Prefix.pch */ = {isa = PBXFileReference; lastKnownFileType = sourcecode.c.h; path = "BasicCalculator-Prefix.pch"; sourceTree = "<group>"; };
		0BA0467D181C79BC004B2827 /* LZAppDelegate.h */ = {isa = PBXFileReference; lastKnownFileType = sourcecode.c.h; path = LZAppDelegate.h; sourceTree = "<group>"; };
		0BA0467E181C79BC004B2827 /* LZAppDelegate.m */ = {isa = PBXFileReference; lastKnownFileType = sourcecode.c.objc; path = LZAppDelegate.m; sourceTree = "<group>"; };
		0BA04681181C79BC004B2827 /* Base */ = {isa = PBXFileReference; lastKnownFileType = file.storyboard; name = Base; path = Base.lproj/Main.storyboard; sourceTree = "<group>"; };
		0BA04683181C79BC004B2827 /* LZViewController.h */ = {isa = PBXFileReference; lastKnownFileType = sourcecode.c.h; path = LZViewController.h; sourceTree = "<group>"; };
		0BA04684181C79BC004B2827 /* LZViewController.m */ = {isa = PBXFileReference; lastKnownFileType = sourcecode.c.objc; path = LZViewController.m; sourceTree = "<group>"; };
		0BA04686181C79BC004B2827 /* Images.xcassets */ = {isa = PBXFileReference; lastKnownFileType = folder.assetcatalog; path = Images.xcassets; sourceTree = "<group>"; };
		0BA0468C181C79BC004B2827 /* BasicCalculatorTests.xctest */ = {isa = PBXFileReference; explicitFileType = wrapper.cfbundle; includeInIndex = 0; path = BasicCalculatorTests.xctest; sourceTree = BUILT_PRODUCTS_DIR; };
		0BA0468D181C79BC004B2827 /* XCTest.framework */ = {isa = PBXFileReference; lastKnownFileType = wrapper.framework; name = XCTest.framework; path = Library/Frameworks/XCTest.framework; sourceTree = DEVELOPER_DIR; };
		0BA04695181C79BC004B2827 /* BasicCalculatorTests-Info.plist */ = {isa = PBXFileReference; lastKnownFileType = text.plist.xml; path = "BasicCalculatorTests-Info.plist"; sourceTree = "<group>"; };
		0BA04697181C79BC004B2827 /* en */ = {isa = PBXFileReference; lastKnownFileType = text.plist.strings; name = en; path = en.lproj/InfoPlist.strings; sourceTree = "<group>"; };
		0BA04699181C79BC004B2827 /* BasicCalculatorTests.m */ = {isa = PBXFileReference; lastKnownFileType = sourcecode.c.objc; path = BasicCalculatorTests.m; sourceTree = "<group>"; };
		0BA046A3181C9FF4004B2827 /* LZSum.h */ = {isa = PBXFileReference; fileEncoding = 4; lastKnownFileType = sourcecode.c.h; name = LZSum.h; path = Operators/LZSum.h; sourceTree = "<group>"; };
		0BA046A4181C9FF4004B2827 /* LZSum.m */ = {isa = PBXFileReference; fileEncoding = 4; lastKnownFileType = sourcecode.c.objc; name = LZSum.m; path = Operators/LZSum.m; sourceTree = "<group>"; };
		0BA046A6181CA018004B2827 /* LZSubtraction.h */ = {isa = PBXFileReference; fileEncoding = 4; lastKnownFileType = sourcecode.c.h; name = LZSubtraction.h; path = Operators/LZSubtraction.h; sourceTree = "<group>"; };
		0BA046A7181CA018004B2827 /* LZSubtraction.m */ = {isa = PBXFileReference; fileEncoding = 4; lastKnownFileType = sourcecode.c.objc; name = LZSubtraction.m; path = Operators/LZSubtraction.m; sourceTree = "<group>"; };
		0BA046A9181CA028004B2827 /* LZMultiplication.h */ = {isa = PBXFileReference; fileEncoding = 4; lastKnownFileType = sourcecode.c.h; name = LZMultiplication.h; path = Operators/LZMultiplication.h; sourceTree = "<group>"; };
		0BA046AA181CA028004B2827 /* LZMultiplication.m */ = {isa = PBXFileReference; fileEncoding = 4; lastKnownFileType = sourcecode.c.objc; name = LZMultiplication.m; path = Operators/LZMultiplication.m; sourceTree = "<group>"; };
		0BA046AC181CA033004B2827 /* LZDivision.h */ = {isa = PBXFileReference; fileEncoding = 4; lastKnownFileType = sourcecode.c.h; name = LZDivision.h; path = Operators/LZDivision.h; sourceTree = "<group>"; };
		0BA046AD181CA033004B2827 /* LZDivision.m */ = {isa = PBXFileReference; fileEncoding = 4; lastKnownFileType = sourcecode.c.objc; name = LZDivision.m; path = Operators/LZDivision.m; sourceTree = "<group>"; };
		0BA046B0181CA8EB004B2827 /* LZOperation.h */ = {isa = PBXFileReference; lastKnownFileType = sourcecode.c.h; name = LZOperation.h; path = Operators/LZOperation.h; sourceTree = "<group>"; };
/* End PBXFileReference section */

/* Begin PBXFrameworksBuildPhase section */
		0BA04668181C79BC004B2827 /* Frameworks */ = {
			isa = PBXFrameworksBuildPhase;
			buildActionMask = 2147483647;
			files = (
				0BA04671181C79BC004B2827 /* CoreGraphics.framework in Frameworks */,
				0BA04673181C79BC004B2827 /* UIKit.framework in Frameworks */,
				0BA0466F181C79BC004B2827 /* Foundation.framework in Frameworks */,
			);
			runOnlyForDeploymentPostprocessing = 0;
		};
		0BA04689181C79BC004B2827 /* Frameworks */ = {
			isa = PBXFrameworksBuildPhase;
			buildActionMask = 2147483647;
			files = (
				0BA0468E181C79BC004B2827 /* XCTest.framework in Frameworks */,
				0BA04690181C79BC004B2827 /* UIKit.framework in Frameworks */,
				0BA0468F181C79BC004B2827 /* Foundation.framework in Frameworks */,
			);
			runOnlyForDeploymentPostprocessing = 0;
		};
/* End PBXFrameworksBuildPhase section */

/* Begin PBXGroup section */
		0BA04662181C79BB004B2827 = {
			isa = PBXGroup;
			children = (
				0BA04674181C79BC004B2827 /* BasicCalculator */,
				0BA04693181C79BC004B2827 /* BasicCalculatorTests */,
				0BA0466D181C79BC004B2827 /* Frameworks */,
				0BA0466C181C79BC004B2827 /* Products */,
			);
			sourceTree = "<group>";
		};
		0BA0466C181C79BC004B2827 /* Products */ = {
			isa = PBXGroup;
			children = (
				0BA0466B181C79BC004B2827 /* BasicCalculator.app */,
				0BA0468C181C79BC004B2827 /* BasicCalculatorTests.xctest */,
			);
			name = Products;
			sourceTree = "<group>";
		};
		0BA0466D181C79BC004B2827 /* Frameworks */ = {
			isa = PBXGroup;
			children = (
				0BA0466E181C79BC004B2827 /* Foundation.framework */,
				0BA04670181C79BC004B2827 /* CoreGraphics.framework */,
				0BA04672181C79BC004B2827 /* UIKit.framework */,
				0BA0468D181C79BC004B2827 /* XCTest.framework */,
			);
			name = Frameworks;
			sourceTree = "<group>";
		};
		0BA04674181C79BC004B2827 /* BasicCalculator */ = {
			isa = PBXGroup;
			children = (
				0BA0467D181C79BC004B2827 /* LZAppDelegate.h */,
				0BA0467E181C79BC004B2827 /* LZAppDelegate.m */,
				0BA04680181C79BC004B2827 /* Main.storyboard */,
				0BA04683181C79BC004B2827 /* LZViewController.h */,
				0BA04684181C79BC004B2827 /* LZViewController.m */,
				0BA046AF181CA03C004B2827 /* Operators */,
				0BA04686181C79BC004B2827 /* Images.xcassets */,
				0BA04675181C79BC004B2827 /* Supporting Files */,
			);
			path = BasicCalculator;
			sourceTree = "<group>";
		};
		0BA04675181C79BC004B2827 /* Supporting Files */ = {
			isa = PBXGroup;
			children = (
				0BA04676181C79BC004B2827 /* BasicCalculator-Info.plist */,
				0BA04677181C79BC004B2827 /* InfoPlist.strings */,
				0BA0467A181C79BC004B2827 /* main.m */,
				0BA0467C181C79BC004B2827 /* BasicCalculator-Prefix.pch */,
			);
			name = "Supporting Files";
			sourceTree = "<group>";
		};
		0BA04693181C79BC004B2827 /* BasicCalculatorTests */ = {
			isa = PBXGroup;
			children = (
				0BA04699181C79BC004B2827 /* BasicCalculatorTests.m */,
				0BA04694181C79BC004B2827 /* Supporting Files */,
			);
			path = BasicCalculatorTests;
			sourceTree = "<group>";
		};
		0BA04694181C79BC004B2827 /* Supporting Files */ = {
			isa = PBXGroup;
			children = (
				0BA04695181C79BC004B2827 /* BasicCalculatorTests-Info.plist */,
				0BA04696181C79BC004B2827 /* InfoPlist.strings */,
			);
			name = "Supporting Files";
			sourceTree = "<group>";
		};
		0BA046AF181CA03C004B2827 /* Operators */ = {
			isa = PBXGroup;
			children = (
				0BA046B0181CA8EB004B2827 /* LZOperation.h */,
				0BA046A3181C9FF4004B2827 /* LZSum.h */,
				0BA046A4181C9FF4004B2827 /* LZSum.m */,
				0BA046A6181CA018004B2827 /* LZSubtraction.h */,
				0BA046A7181CA018004B2827 /* LZSubtraction.m */,
				0BA046A9181CA028004B2827 /* LZMultiplication.h */,
				0BA046AA181CA028004B2827 /* LZMultiplication.m */,
				0BA046AC181CA033004B2827 /* LZDivision.h */,
				0BA046AD181CA033004B2827 /* LZDivision.m */,
			);
			name = Operators;
			sourceTree = "<group>";
		};
/* End PBXGroup section */

/* Begin PBXNativeTarget section */
		0BA0466A181C79BC004B2827 /* BasicCalculator */ = {
			isa = PBXNativeTarget;
			buildConfigurationList = 0BA0469D181C79BC004B2827 /* Build configuration list for PBXNativeTarget "BasicCalculator" */;
			buildPhases = (
				0BA04667181C79BC004B2827 /* Sources */,
				0BA04668181C79BC004B2827 /* Frameworks */,
				0BA04669181C79BC004B2827 /* Resources */,
			);
			buildRules = (
			);
			dependencies = (
			);
			name = BasicCalculator;
			productName = BasicCalculator;
			productReference = 0BA0466B181C79BC004B2827 /* BasicCalculator.app */;
			productType = "com.apple.product-type.application";
		};
		0BA0468B181C79BC004B2827 /* BasicCalculatorTests */ = {
			isa = PBXNativeTarget;
			buildConfigurationList = 0BA046A0181C79BC004B2827 /* Build configuration list for PBXNativeTarget "BasicCalculatorTests" */;
			buildPhases = (
				0BA04688181C79BC004B2827 /* Sources */,
				0BA04689181C79BC004B2827 /* Frameworks */,
				0BA0468A181C79BC004B2827 /* Resources */,
			);
			buildRules = (
			);
			dependencies = (
				0BA04692181C79BC004B2827 /* PBXTargetDependency */,
			);
			name = BasicCalculatorTests;
			productName = BasicCalculatorTests;
			productReference = 0BA0468C181C79BC004B2827 /* BasicCalculatorTests.xctest */;
			productType = "com.apple.product-type.bundle.unit-test";
		};
/* End PBXNativeTarget section */

/* Begin PBXProject section */
		0BA04663181C79BC004B2827 /* Project object */ = {
			isa = PBXProject;
			attributes = {
				CLASSPREFIX = LZ;
				LastUpgradeCheck = 0500;
				ORGANIZATIONNAME = "Lucas de Souza da Conceição";
				TargetAttributes = {
					0BA0466A181C79BC004B2827 = {
						DevelopmentTeam = L3MP2BTAS2;
					};
					0BA0468B181C79BC004B2827 = {
						TestTargetID = 0BA0466A181C79BC004B2827;
					};
				};
			};
			buildConfigurationList = 0BA04666181C79BC004B2827 /* Build configuration list for PBXProject "BasicCalculator" */;
			compatibilityVersion = "Xcode 3.2";
			developmentRegion = English;
			hasScannedForEncodings = 0;
			knownRegions = (
				en,
				Base,
			);
			mainGroup = 0BA04662181C79BB004B2827;
			productRefGroup = 0BA0466C181C79BC004B2827 /* Products */;
			projectDirPath = "";
			projectRoot = "";
			targets = (
				0BA0466A181C79BC004B2827 /* BasicCalculator */,
				0BA0468B181C79BC004B2827 /* BasicCalculatorTests */,
			);
		};
/* End PBXProject section */

/* Begin PBXResourcesBuildPhase section */
		0BA04669181C79BC004B2827 /* Resources */ = {
			isa = PBXResourcesBuildPhase;
			buildActionMask = 2147483647;
			files = (
				0BA04687181C79BC004B2827 /* Images.xcassets in Resources */,
				0BA04679181C79BC004B2827 /* InfoPlist.strings in Resources */,
				0BA04682181C79BC004B2827 /* Main.storyboard in Resources */,
			);
			runOnlyForDeploymentPostprocessing = 0;
		};
		0BA0468A181C79BC004B2827 /* Resources */ = {
			isa = PBXResourcesBuildPhase;
			buildActionMask = 2147483647;
			files = (
				0BA04698181C79BC004B2827 /* InfoPlist.strings in Resources */,
			);
			runOnlyForDeploymentPostprocessing = 0;
		};
/* End PBXResourcesBuildPhase section */

/* Begin PBXSourcesBuildPhase section */
		0BA04667181C79BC004B2827 /* Sources */ = {
			isa = PBXSourcesBuildPhase;
			buildActionMask = 2147483647;
			files = (
				0BA0467F181C79BC004B2827 /* LZAppDelegate.m in Sources */,
				0BA046AB181CA028004B2827 /* LZMultiplication.m in Sources */,
				0BA046A8181CA018004B2827 /* LZSubtraction.m in Sources */,
				0BA046A5181C9FF4004B2827 /* LZSum.m in Sources */,
				0BA046AE181CA033004B2827 /* LZDivision.m in Sources */,
				0BA04685181C79BC004B2827 /* LZViewController.m in Sources */,
				0BA0467B181C79BC004B2827 /* main.m in Sources */,
			);
			runOnlyForDeploymentPostprocessing = 0;
		};
		0BA04688181C79BC004B2827 /* Sources */ = {
			isa = PBXSourcesBuildPhase;
			buildActionMask = 2147483647;
			files = (
				0BA0469A181C79BC004B2827 /* BasicCalculatorTests.m in Sources */,
			);
			runOnlyForDeploymentPostprocessing = 0;
		};
/* End PBXSourcesBuildPhase section */

/* Begin PBXTargetDependency section */
		0BA04692181C79BC004B2827 /* PBXTargetDependency */ = {
			isa = PBXTargetDependency;
			target = 0BA0466A181C79BC004B2827 /* BasicCalculator */;
			targetProxy = 0BA04691181C79BC004B2827 /* PBXContainerItemProxy */;
		};
/* End PBXTargetDependency section */

/* Begin PBXVariantGroup section */
		0BA04677181C79BC004B2827 /* InfoPlist.strings */ = {
			isa = PBXVariantGroup;
			children = (
				0BA04678181C79BC004B2827 /* en */,
			);
			name = InfoPlist.strings;
			sourceTree = "<group>";
		};
		0BA04680181C79BC004B2827 /* Main.storyboard */ = {
			isa = PBXVariantGroup;
			children = (
				0BA04681181C79BC004B2827 /* Base */,
			);
			name = Main.storyboard;
			sourceTree = "<group>";
		};
		0BA04696181C79BC004B2827 /* InfoPlist.strings */ = {
			isa = PBXVariantGroup;
			children = (
				0BA04697181C79BC004B2827 /* en */,
			);
			name = InfoPlist.strings;
			sourceTree = "<group>";
		};
/* End PBXVariantGroup section */

/* Begin XCBuildConfiguration section */
		0BA0469B181C79BC004B2827 /* Debug */ = {
			isa = XCBuildConfiguration;
			buildSettings = {
				ALWAYS_SEARCH_USER_PATHS = NO;
				ARCHS = "$(ARCHS_STANDARD_INCLUDING_64_BIT)";
				CLANG_CXX_LANGUAGE_STANDARD = "gnu++0x";
				CLANG_CXX_LIBRARY = "libc++";
				CLANG_ENABLE_MODULES = YES;
				CLANG_ENABLE_OBJC_ARC = YES;
				CLANG_WARN_BOOL_CONVERSION = YES;
				CLANG_WARN_CONSTANT_CONVERSION = YES;
				CLANG_WARN_DIRECT_OBJC_ISA_USAGE = YES_ERROR;
				CLANG_WARN_EMPTY_BODY = YES;
				CLANG_WARN_ENUM_CONVERSION = YES;
				CLANG_WARN_INT_CONVERSION = YES;
				CLANG_WARN_OBJC_ROOT_CLASS = YES_ERROR;
				CLANG_WARN__DUPLICATE_METHOD_MATCH = YES;
				"CODE_SIGN_IDENTITY[sdk=iphoneos*]" = "iPhone Developer";
				COPY_PHASE_STRIP = NO;
				GCC_C_LANGUAGE_STANDARD = gnu99;
				GCC_DYNAMIC_NO_PIC = NO;
				GCC_OPTIMIZATION_LEVEL = 0;
				GCC_PREPROCESSOR_DEFINITIONS = (
					"DEBUG=1",
					"$(inherited)",
				);
				GCC_SYMBOLS_PRIVATE_EXTERN = NO;
				GCC_WARN_64_TO_32_BIT_CONVERSION = YES;
				GCC_WARN_ABOUT_RETURN_TYPE = YES_ERROR;
				GCC_WARN_UNDECLARED_SELECTOR = YES;
				GCC_WARN_UNINITIALIZED_AUTOS = YES;
				GCC_WARN_UNUSED_FUNCTION = YES;
				GCC_WARN_UNUSED_VARIABLE = YES;
				IPHONEOS_DEPLOYMENT_TARGET = 7.0;
				ONLY_ACTIVE_ARCH = YES;
				SDKROOT = iphoneos;
			};
			name = Debug;
		};
		0BA0469C181C79BC004B2827 /* Release */ = {
			isa = XCBuildConfiguration;
			buildSettings = {
				ALWAYS_SEARCH_USER_PATHS = NO;
				ARCHS = "$(ARCHS_STANDARD_INCLUDING_64_BIT)";
				CLANG_CXX_LANGUAGE_STANDARD = "gnu++0x";
				CLANG_CXX_LIBRARY = "libc++";
				CLANG_ENABLE_MODULES = YES;
				CLANG_ENABLE_OBJC_ARC = YES;
				CLANG_WARN_BOOL_CONVERSION = YES;
				CLANG_WARN_CONSTANT_CONVERSION = YES;
				CLANG_WARN_DIRECT_OBJC_ISA_USAGE = YES_ERROR;
				CLANG_WARN_EMPTY_BODY = YES;
				CLANG_WARN_ENUM_CONVERSION = YES;
				CLANG_WARN_INT_CONVERSION = YES;
				CLANG_WARN_OBJC_ROOT_CLASS = YES_ERROR;
				CLANG_WARN__DUPLICATE_METHOD_MATCH = YES;
				"CODE_SIGN_IDENTITY[sdk=iphoneos*]" = "iPhone Developer";
				COPY_PHASE_STRIP = YES;
				ENABLE_NS_ASSERTIONS = NO;
				GCC_C_LANGUAGE_STANDARD = gnu99;
				GCC_WARN_64_TO_32_BIT_CONVERSION = YES;
				GCC_WARN_ABOUT_RETURN_TYPE = YES_ERROR;
				GCC_WARN_UNDECLARED_SELECTOR = YES;
				GCC_WARN_UNINITIALIZED_AUTOS = YES;
				GCC_WARN_UNUSED_FUNCTION = YES;
				GCC_WARN_UNUSED_VARIABLE = YES;
				IPHONEOS_DEPLOYMENT_TARGET = 7.0;
				SDKROOT = iphoneos;
				VALIDATE_PRODUCT = YES;
			};
			name = Release;
		};
		0BA0469E181C79BC004B2827 /* Debug */ = {
			isa = XCBuildConfiguration;
			buildSettings = {
				ASSETCATALOG_COMPILER_APPICON_NAME = AppIcon;
				ASSETCATALOG_COMPILER_LAUNCHIMAGE_NAME = LaunchImage;
				CODE_SIGN_IDENTITY = "iPhone Developer";
				GCC_PRECOMPILE_PREFIX_HEADER = YES;
				GCC_PREFIX_HEADER = "BasicCalculator/BasicCalculator-Prefix.pch";
				INFOPLIST_FILE = "BasicCalculator/BasicCalculator-Info.plist";
				PRODUCT_NAME = "$(TARGET_NAME)";
				TARGETED_DEVICE_FAMILY = 1;
				WRAPPER_EXTENSION = app;
			};
			name = Debug;
		};
		0BA0469F181C79BC004B2827 /* Release */ = {
			isa = XCBuildConfiguration;
			buildSettings = {
				ASSETCATALOG_COMPILER_APPICON_NAME = AppIcon;
				ASSETCATALOG_COMPILER_LAUNCHIMAGE_NAME = LaunchImage;
				CODE_SIGN_IDENTITY = "iPhone Developer";
				GCC_PRECOMPILE_PREFIX_HEADER = YES;
				GCC_PREFIX_HEADER = "BasicCalculator/BasicCalculator-Prefix.pch";
				INFOPLIST_FILE = "BasicCalculator/BasicCalculator-Info.plist";
				PRODUCT_NAME = "$(TARGET_NAME)";
				TARGETED_DEVICE_FAMILY = 1;
				WRAPPER_EXTENSION = app;
			};
			name = Release;
		};
		0BA046A1181C79BC004B2827 /* Debug */ = {
			isa = XCBuildConfiguration;
			buildSettings = {
				ARCHS = "$(ARCHS_STANDARD_INCLUDING_64_BIT)";
				BUNDLE_LOADER = "$(BUILT_PRODUCTS_DIR)/BasicCalculator.app/BasicCalculator";
				FRAMEWORK_SEARCH_PATHS = (
					"$(SDKROOT)/Developer/Library/Frameworks",
					"$(inherited)",
					"$(DEVELOPER_FRAMEWORKS_DIR)",
				);
				GCC_PRECOMPILE_PREFIX_HEADER = YES;
				GCC_PREFIX_HEADER = "BasicCalculator/BasicCalculator-Prefix.pch";
				GCC_PREPROCESSOR_DEFINITIONS = (
					"DEBUG=1",
					"$(inherited)",
				);
				INFOPLIST_FILE = "BasicCalculatorTests/BasicCalculatorTests-Info.plist";
				PRODUCT_NAME = "$(TARGET_NAME)";
				TEST_HOST = "$(BUNDLE_LOADER)";
				WRAPPER_EXTENSION = xctest;
			};
			name = Debug;
		};
		0BA046A2181C79BC004B2827 /* Release */ = {
			isa = XCBuildConfiguration;
			buildSettings = {
				ARCHS = "$(ARCHS_STANDARD_INCLUDING_64_BIT)";
				BUNDLE_LOADER = "$(BUILT_PRODUCTS_DIR)/BasicCalculator.app/BasicCalculator";
				FRAMEWORK_SEARCH_PATHS = (
					"$(SDKROOT)/Developer/Library/Frameworks",
					"$(inherited)",
					"$(DEVELOPER_FRAMEWORKS_DIR)",
				);
				GCC_PRECOMPILE_PREFIX_HEADER = YES;
				GCC_PREFIX_HEADER = "BasicCalculator/BasicCalculator-Prefix.pch";
				INFOPLIST_FILE = "BasicCalculatorTests/BasicCalculatorTests-Info.plist";
				PRODUCT_NAME = "$(TARGET_NAME)";
				TEST_HOST = "$(BUNDLE_LOADER)";
				WRAPPER_EXTENSION = xctest;
			};
			name = Release;
		};
/* End XCBuildConfiguration section */

/* Begin XCConfigurationList section */
		0BA04666181C79BC004B2827 /* Build configuration list for PBXProject "BasicCalculator" */ = {
			isa = XCConfigurationList;
			buildConfigurations = (
				0BA0469B181C79BC004B2827 /* Debug */,
				0BA0469C181C79BC004B2827 /* Release */,
			);
			defaultConfigurationIsVisible = 0;
			defaultConfigurationName = Release;
		};
		0BA0469D181C79BC004B2827 /* Build configuration list for PBXNativeTarget "BasicCalculator" */ = {
			isa = XCConfigurationList;
			buildConfigurations = (
				0BA0469E181C79BC004B2827 /* Debug */,
				0BA0469F181C79BC004B2827 /* Release */,
			);
			defaultConfigurationIsVisible = 0;
			defaultConfigurationName = Release;
		};
		0BA046A0181C79BC004B2827 /* Build configuration list for PBXNativeTarget "BasicCalculatorTests" */ = {
			isa = XCConfigurationList;
			buildConfigurations = (
				0BA046A1181C79BC004B2827 /* Debug */,
				0BA046A2181C79BC004B2827 /* Release */,
			);
			defaultConfigurationIsVisible = 0;
			defaultConfigurationName = Release;
		};
/* End XCConfigurationList section */
	};
	rootObject = 0BA04663181C79BC004B2827 /* Project object */;
}
